
Microsoft Visual Studio Solution File, Format Version 12.00
Project("{FAE04EC0-301F-11D3-BF4B-00C04F79EFBC}") = "BarberShop.Management", "BarberShop.Management\BarberShop.Management.csproj", "{7F626C11-42E3-407F-9269-CEC6AD8FF3BB}"
EndProject
Project("{FAE04EC0-301F-11D3-BF4B-00C04F79EFBC}") = "Barbershop.Notification", "Barbershop.Notification\Barbershop.Notification.csproj", "{5C19E832-6EC8-4C67-AE63-3FB67D66BA61}"
EndProject
Project("{FAE04EC0-301F-11D3-BF4B-00C04F79EFBC}") = "Barbershop.Scheduling", "Barbershop.Scheduling\Barbershop.Scheduling.csproj", "{83087807-0C6F-47E4-81F6-17DA342C7894}"
EndProject
Project("{FAE04EC0-301F-11D3-BF4B-00C04F79EFBC}") = "Barbershop.Payment", "Barbershop.Payment\Barbershop.Payment.csproj", "{7D9229BD-31DB-4C19-A508-2A64FB182475}"
EndProject
Project("{FAE04EC0-301F-11D3-BF4B-00C04F79EFBC}") = "Barbershop.Contracts", "Barbershop.Contracts\Barbershop.Contracts.csproj", "{7AC69088-1EC1-4F97-A14B-9DFFF3FE06A8}"
EndProject
Global
	GlobalSection(SolutionConfigurationPlatforms) = preSolution
		Debug|Any CPU = Debug|Any CPU
		Release|Any CPU = Release|Any CPU
	EndGlobalSection
	GlobalSection(ProjectConfigurationPlatforms) = postSolution
		{7F626C11-42E3-407F-9269-CEC6AD8FF3BB}.Debug|Any CPU.ActiveCfg = Debug|Any CPU
		{7F626C11-42E3-407F-9269-CEC6AD8FF3BB}.Debug|Any CPU.Build.0 = Debug|Any CPU
		{7F626C11-42E3-407F-9269-CEC6AD8FF3BB}.Release|Any CPU.ActiveCfg = Release|Any CPU
		{7F626C11-42E3-407F-9269-CEC6AD8FF3BB}.Release|Any CPU.Build.0 = Release|Any CPU
		{5C19E832-6EC8-4C67-AE63-3FB67D66BA61}.Debug|Any CPU.ActiveCfg = Debug|Any CPU
		{5C19E832-6EC8-4C67-AE63-3FB67D66BA61}.Debug|Any CPU.Build.0 = Debug|Any CPU
		{5C19E832-6EC8-4C67-AE63-3FB67D66BA61}.Release|Any CPU.ActiveCfg = Release|Any CPU
		{5C19E832-6EC8-4C67-AE63-3FB67D66BA61}.Release|Any CPU.Build.0 = Release|Any CPU
		{83087807-0C6F-47E4-81F6-17DA342C7894}.Debug|Any CPU.ActiveCfg = Debug|Any CPU
		{83087807-0C6F-47E4-81F6-17DA342C7894}.Debug|Any CPU.Build.0 = Debug|Any CPU
		{83087807-0C6F-47E4-81F6-17DA342C7894}.Release|Any CPU.ActiveCfg = Release|Any CPU
		{83087807-0C6F-47E4-81F6-17DA342C7894}.Release|Any CPU.Build.0 = Release|Any CPU
		{7D9229BD-31DB-4C19-A508-2A64FB182475}.Debug|Any CPU.ActiveCfg = Debug|Any CPU
		{7D9229BD-31DB-4C19-A508-2A64FB182475}.Debug|Any CPU.Build.0 = Debug|Any CPU
		{7D9229BD-31DB-4C19-A508-2A64FB182475}.Release|Any CPU.ActiveCfg = Release|Any CPU
		{7D9229BD-31DB-4C19-A508-2A64FB182475}.Release|Any CPU.Build.0 = Release|Any CPU
		{7AC69088-1EC1-4F97-A14B-9DFFF3FE06A8}.Debug|Any CPU.ActiveCfg = Debug|Any CPU
		{7AC69088-1EC1-4F97-A14B-9DFFF3FE06A8}.Debug|Any CPU.Build.0 = Debug|Any CPU
		{7AC69088-1EC1-4F97-A14B-9DFFF3FE06A8}.Release|Any CPU.ActiveCfg = Release|Any CPU
		{7AC69088-1EC1-4F97-A14B-9DFFF3FE06A8}.Release|Any CPU.Build.0 = Release|Any CPU
	EndGlobalSection
EndGlobal
